# This file is automatically @generated by Wally.
# It is not intended for manual editing.
registry = "test"

[[package]]
name = "osyrisrblx/t"
version = "3.0.0"
dependencies = []

[[package]]
name = "scarp/project-blam"
version = "0.1.0"
dependencies = [["Net", "vorlias/net@3.0.6"], ["t", "osyrisrblx/t@3.0.0"]]

[[package]]
name = "vorlias/net"
version = "3.0.6"
dependencies = []
